Microsoft Visual Studio Solution File, Format Version 12.00
# Visual Studio Version 17
VisualStudioVersion = 17.5.2.0
MinimumVisualStudioVersion = 10.0.40219.1
Project("{FAE04EC0-301F-11D3-BF4B-00C04F79EFBC}") = "mathGame.m1nh4ke", "mathGame.m1nh4ke.csproj", "{A24CAC86-24D6-8CA4-38B9-D1A4B8476AEA}"
EndProject
Global
	GlobalSection(SolutionConfigurationPlatforms) = preSolution
		Debug|Any CPU = Debug|Any CPU
		Release|Any CPU = Release|Any CPU
	EndGlobalSection
	GlobalSection(ProjectConfigurationPlatforms) = postSolution
		{A24CAC86-24D6-8CA4-38B9-D1A4B8476AEA}.Debug|Any CPU.ActiveCfg = Debug|Any CPU
		{A24CAC86-24D6-8CA4-38B9-D1A4B8476AEA}.Debug|Any CPU.Build.0 = Debug|Any CPU
		{A24CAC86-24D6-8CA4-38B9-D1A4B8476AEA}.Release|Any CPU.ActiveCfg = Release|Any CPU
		{A24CAC86-24D6-8CA4-38B9-D1A4B8476AEA}.Release|Any CPU.Build.0 = Release|Any CPU
	EndGlobalSection
	GlobalSection(SolutionProperties) = preSolution
		HideSolutionNode = FALSE
	EndGlobalSection
	GlobalSection(ExtensibilityGlobals) = postSolution
		SolutionGuid = {4B21904C-AF95-4055-853B-D5449545C2FE}
	EndGlobalSection
EndGlobal
